// !$*UTF8*$!
{
	archiveVersion = 1;
	classes = {
	};
	objectVersion = 55;
	objects = {

/* Begin PBXBuildFile section */
		2A668B042874BCD60037D7BB /* AppDelegate.swift in Sources */ = {isa = PBXBuildFile; fileRef = 2A668B032874BCD60037D7BB /* AppDelegate.swift */; };
		2A668B062874BCD60037D7BB /* SceneDelegate.swift in Sources */ = {isa = PBXBuildFile; fileRef = 2A668B052874BCD60037D7BB /* SceneDelegate.swift */; };
		2A668B082874BCD60037D7BB /* ViewController.swift in Sources */ = {isa = PBXBuildFile; fileRef = 2A668B072874BCD60037D7BB /* ViewController.swift */; };
		2A668B0B2874BCD60037D7BB /* Main.storyboard in Resources */ = {isa = PBXBuildFile; fileRef = 2A668B092874BCD60037D7BB /* Main.storyboard */; };
		2A668B0D2874BCDA0037D7BB /* Assets.xcassets in Resources */ = {isa = PBXBuildFile; fileRef = 2A668B0C2874BCDA0037D7BB /* Assets.xcassets */; };
		2A668B102874BCDA0037D7BB /* LaunchScreen.storyboard in Resources */ = {isa = PBXBuildFile; fileRef = 2A668B0E2874BCDA0037D7BB /* LaunchScreen.storyboard */; };
		2A668B1B2874BCDA0037D7BB /* FetchRecipesTests.swift in Sources */ = {isa = PBXBuildFile; fileRef = 2A668B1A2874BCDA0037D7BB /* FetchRecipesTests.swift */; };
		2A668B252874BCDA0037D7BB /* FetchRecipesUITests.swift in Sources */ = {isa = PBXBuildFile; fileRef = 2A668B242874BCDA0037D7BB /* FetchRecipesUITests.swift */; };
		2A668B272874BCDA0037D7BB /* FetchRecipesUITestsLaunchTests.swift in Sources */ = {isa = PBXBuildFile; fileRef = 2A668B262874BCDA0037D7BB /* FetchRecipesUITestsLaunchTests.swift */; };
/* End PBXBuildFile section */

/* Begin PBXContainerItemProxy section */
		2A668B172874BCDA0037D7BB /* PBXContainerItemProxy */ = {
			isa = PBXContainerItemProxy;
			containerPortal = 2A668AF82874BCD60037D7BB /* Project object */;
			proxyType = 1;
			remoteGlobalIDString = 2A668AFF2874BCD60037D7BB;
			remoteInfo = FetchRecipes;
		};
		2A668B212874BCDA0037D7BB /* PBXContainerItemProxy */ = {
			isa = PBXContainerItemProxy;
			containerPortal = 2A668AF82874BCD60037D7BB /* Project object */;
			proxyType = 1;
			remoteGlobalIDString = 2A668AFF2874BCD60037D7BB;
			remoteInfo = FetchRecipes;
		};
/* End PBXContainerItemProxy section */

/* Begin PBXFileReference section */
		2A668B002874BCD60037D7BB /* FetchRecipes.app */ = {isa = PBXFileReference; explicitFileType = wrapper.application; includeInIndex = 0; path = FetchRecipes.app; sourceTree = BUILT_PRODUCTS_DIR; };
		2A668B032874BCD60037D7BB /* AppDelegate.swift */ = {isa = PBXFileReference; lastKnownFileType = sourcecode.swift; path = AppDelegate.swift; sourceTree = "<group>"; };
		2A668B052874BCD60037D7BB /* SceneDelegate.swift */ = {isa = PBXFileReference; lastKnownFileType = sourcecode.swift; path = SceneDelegate.swift; sourceTree = "<group>"; };
		2A668B072874BCD60037D7BB /* ViewController.swift */ = {isa = PBXFileReference; lastKnownFileType = sourcecode.swift; path = ViewController.swift; sourceTree = "<group>"; };
		2A668B0A2874BCD60037D7BB /* Base */ = {isa = PBXFileReference; lastKnownFileType = file.storyboard; name = Base; path = Base.lproj/Main.storyboard; sourceTree = "<group>"; };
		2A668B0C2874BCDA0037D7BB /* Assets.xcassets */ = {isa = PBXFileReference; lastKnownFileType = folder.assetcatalog; path = Assets.xcassets; sourceTree = "<group>"; };
		2A668B0F2874BCDA0037D7BB /* Base */ = {isa = PBXFileReference; lastKnownFileType = file.storyboard; name = Base; path = Base.lproj/LaunchScreen.storyboard; sourceTree = "<group>"; };
		2A668B112874BCDA0037D7BB /* Info.plist */ = {isa = PBXFileReference; lastKnownFileType = text.plist.xml; path = Info.plist; sourceTree = "<group>"; };
		2A668B162874BCDA0037D7BB /* FetchRecipesTests.xctest */ = {isa = PBXFileReference; explicitFileType = wrapper.cfbundle; includeInIndex = 0; path = FetchRecipesTests.xctest; sourceTree = BUILT_PRODUCTS_DIR; };
		2A668B1A2874BCDA0037D7BB /* FetchRecipesTests.swift */ = {isa = PBXFileReference; lastKnownFileType = sourcecode.swift; path = FetchRecipesTests.swift; sourceTree = "<group>"; };
		2A668B202874BCDA0037D7BB /* FetchRecipesUITests.xctest */ = {isa = PBXFileReference; explicitFileType = wrapper.cfbundle; includeInIndex = 0; path = FetchRecipesUITests.xctest; sourceTree = BUILT_PRODUCTS_DIR; };
		2A668B242874BCDA0037D7BB /* FetchRecipesUITests.swift */ = {isa = PBXFileReference; lastKnownFileType = sourcecode.swift; path = FetchRecipesUITests.swift; sourceTree = "<group>"; };
		2A668B262874BCDA0037D7BB /* FetchRecipesUITestsLaunchTests.swift */ = {isa = PBXFileReference; lastKnownFileType = sourcecode.swift; path = FetchRecipesUITestsLaunchTests.swift; sourceTree = "<group>"; };
/* End PBXFileReference section */

/* Begin PBXFrameworksBuildPhase section */
		2A668AFD2874BCD60037D7BB /* Frameworks */ = {
			isa = PBXFrameworksBuildPhase;
			buildActionMask = 2147483647;
			files = (
			);
			runOnlyForDeploymentPostprocessing = 0;
		};
		2A668B132874BCDA0037D7BB /* Frameworks */ = {
			isa = PBXFrameworksBuildPhase;
			buildActionMask = 2147483647;
			files = (
			);
			runOnlyForDeploymentPostprocessing = 0;
		};
		2A668B1D2874BCDA0037D7BB /* Frameworks */ = {
			isa = PBXFrameworksBuildPhase;
			buildActionMask = 2147483647;
			files = (
			);
			runOnlyForDeploymentPostprocessing = 0;
		};
/* End PBXFrameworksBuildPhase section */

/* Begin PBXGroup section */
		2A668AF72874BCD60037D7BB = {
			isa = PBXGroup;
			children = (
				2A668B022874BCD60037D7BB /* FetchRecipes */,
				2A668B192874BCDA0037D7BB /* FetchRecipesTests */,
				2A668B232874BCDA0037D7BB /* FetchRecipesUITests */,
				2A668B012874BCD60037D7BB /* Products */,
			);
			sourceTree = "<group>";
		};
		2A668B012874BCD60037D7BB /* Products */ = {
			isa = PBXGroup;
			children = (
				2A668B002874BCD60037D7BB /* FetchRecipes.app */,
				2A668B162874BCDA0037D7BB /* FetchRecipesTests.xctest */,
				2A668B202874BCDA0037D7BB /* FetchRecipesUITests.xctest */,
			);
			name = Products;
			sourceTree = "<group>";
		};
		2A668B022874BCD60037D7BB /* FetchRecipes */ = {
			isa = PBXGroup;
			children = (
				2A668B032874BCD60037D7BB /* AppDelegate.swift */,
				2A668B052874BCD60037D7BB /* SceneDelegate.swift */,
				2A668B072874BCD60037D7BB /* ViewController.swift */,
				2A668B092874BCD60037D7BB /* Main.storyboard */,
				2A668B0C2874BCDA0037D7BB /* Assets.xcassets */,
				2A668B0E2874BCDA0037D7BB /* LaunchScreen.storyboard */,
				2A668B112874BCDA0037D7BB /* Info.plist */,
			);
			path = FetchRecipes;
			sourceTree = "<group>";
		};
		2A668B192874BCDA0037D7BB /* FetchRecipesTests */ = {
			isa = PBXGroup;
			children = (
				2A668B1A2874BCDA0037D7BB /* FetchRecipesTests.swift */,
			);
			path = FetchRecipesTests;
			sourceTree = "<group>";
		};
		2A668B232874BCDA0037D7BB /* FetchRecipesUITests */ = {
			isa = PBXGroup;
			children = (
				2A668B242874BCDA0037D7BB /* FetchRecipesUITests.swift */,
				2A668B262874BCDA0037D7BB /* FetchRecipesUITestsLaunchTests.swift */,
			);
			path = FetchRecipesUITests;
			sourceTree = "<group>";
		};
/* End PBXGroup section */

/* Begin PBXNativeTarget section */
		2A668AFF2874BCD60037D7BB /* FetchRecipes */ = {
			isa = PBXNativeTarget;
			buildConfigurationList = 2A668B2A2874BCDA0037D7BB /* Build configuration list for PBXNativeTarget "FetchRecipes" */;
			buildPhases = (
				2A668AFC2874BCD60037D7BB /* Sources */,
				2A668AFD2874BCD60037D7BB /* Frameworks */,
				2A668AFE2874BCD60037D7BB /* Resources */,
			);
			buildRules = (
			);
			dependencies = (
			);
			name = FetchRecipes;
			productName = FetchRecipes;
			productReference = 2A668B002874BCD60037D7BB /* FetchRecipes.app */;
			productType = "com.apple.product-type.application";
		};
		2A668B152874BCDA0037D7BB /* FetchRecipesTests */ = {
			isa = PBXNativeTarget;
			buildConfigurationList = 2A668B2D2874BCDA0037D7BB /* Build configuration list for PBXNativeTarget "FetchRecipesTests" */;
			buildPhases = (
				2A668B122874BCDA0037D7BB /* Sources */,
				2A668B132874BCDA0037D7BB /* Frameworks */,
				2A668B142874BCDA0037D7BB /* Resources */,
			);
			buildRules = (
			);
			dependencies = (
				2A668B182874BCDA0037D7BB /* PBXTargetDependency */,
			);
			name = FetchRecipesTests;
			productName = FetchRecipesTests;
			productReference = 2A668B162874BCDA0037D7BB /* FetchRecipesTests.xctest */;
			productType = "com.apple.product-type.bundle.unit-test";
		};
		2A668B1F2874BCDA0037D7BB /* FetchRecipesUITests */ = {
			isa = PBXNativeTarget;
			buildConfigurationList = 2A668B302874BCDA0037D7BB /* Build configuration list for PBXNativeTarget "FetchRecipesUITests" */;
			buildPhases = (
				2A668B1C2874BCDA0037D7BB /* Sources */,
				2A668B1D2874BCDA0037D7BB /* Frameworks */,
				2A668B1E2874BCDA0037D7BB /* Resources */,
			);
			buildRules = (
			);
			dependencies = (
				2A668B222874BCDA0037D7BB /* PBXTargetDependency */,
			);
			name = FetchRecipesUITests;
			productName = FetchRecipesUITests;
			productReference = 2A668B202874BCDA0037D7BB /* FetchRecipesUITests.xctest */;
			productType = "com.apple.product-type.bundle.ui-testing";
		};
/* End PBXNativeTarget section */

/* Begin PBXProject section */
		2A668AF82874BCD60037D7BB /* Project object */ = {
			isa = PBXProject;
			attributes = {
				BuildIndependentTargetsInParallel = 1;
				LastSwiftUpdateCheck = 1340;
				LastUpgradeCheck = 1340;
				TargetAttributes = {
					2A668AFF2874BCD60037D7BB = {
						CreatedOnToolsVersion = 13.4.1;
					};
					2A668B152874BCDA0037D7BB = {
						CreatedOnToolsVersion = 13.4.1;
						TestTargetID = 2A668AFF2874BCD60037D7BB;
					};
					2A668B1F2874BCDA0037D7BB = {
						CreatedOnToolsVersion = 13.4.1;
						TestTargetID = 2A668AFF2874BCD60037D7BB;
					};
				};
			};
			buildConfigurationList = 2A668AFB2874BCD60037D7BB /* Build configuration list for PBXProject "FetchRecipes" */;
			compatibilityVersion = "Xcode 13.0";
			developmentRegion = en;
			hasScannedForEncodings = 0;
			knownRegions = (
				en,
				Base,
			);
			mainGroup = 2A668AF72874BCD60037D7BB;
			productRefGroup = 2A668B012874BCD60037D7BB /* Products */;
			projectDirPath = "";
			projectRoot = "";
			targets = (
				2A668AFF2874BCD60037D7BB /* FetchRecipes */,
				2A668B152874BCDA0037D7BB /* FetchRecipesTests */,
				2A668B1F2874BCDA0037D7BB /* FetchRecipesUITests */,
			);
		};
/* End PBXProject section */

/* Begin PBXResourcesBuildPhase section */
		2A668AFE2874BCD60037D7BB /* Resources */ = {
			isa = PBXResourcesBuildPhase;
			buildActionMask = 2147483647;
			files = (
				2A668B102874BCDA0037D7BB /* LaunchScreen.storyboard in Resources */,
				2A668B0D2874BCDA0037D7BB /* Assets.xcassets in Resources */,
				2A668B0B2874BCD60037D7BB /* Main.storyboard in Resources */,
			);
			runOnlyForDeploymentPostprocessing = 0;
		};
		2A668B142874BCDA0037D7BB /* Resources */ = {
			isa = PBXResourcesBuildPhase;
			buildActionMask = 2147483647;
			files = (
			);
			runOnlyForDeploymentPostprocessing = 0;
		};
		2A668B1E2874BCDA0037D7BB /* Resources */ = {
			isa = PBXResourcesBuildPhase;
			buildActionMask = 2147483647;
			files = (
			);
			runOnlyForDeploymentPostprocessing = 0;
		};
/* End PBXResourcesBuildPhase section */

/* Begin PBXSourcesBuildPhase section */
		2A668AFC2874BCD60037D7BB /* Sources */ = {
			isa = PBXSourcesBuildPhase;
			buildActionMask = 2147483647;
			files = (
				2A668B082874BCD60037D7BB /* ViewController.swift in Sources */,
				2A668B042874BCD60037D7BB /* AppDelegate.swift in Sources */,
				2A668B062874BCD60037D7BB /* SceneDelegate.swift in Sources */,
			);
			runOnlyForDeploymentPostprocessing = 0;
		};
		2A668B122874BCDA0037D7BB /* Sources */ = {
			isa = PBXSourcesBuildPhase;
			buildActionMask = 2147483647;
			files = (
				2A668B1B2874BCDA0037D7BB /* FetchRecipesTests.swift in Sources */,
			);
			runOnlyForDeploymentPostprocessing = 0;
		};
		2A668B1C2874BCDA0037D7BB /* Sources */ = {
			isa = PBXSourcesBuildPhase;
			buildActionMask = 2147483647;
			files = (
				2A668B252874BCDA0037D7BB /* FetchRecipesUITests.swift in Sources */,
				2A668B272874BCDA0037D7BB /* FetchRecipesUITestsLaunchTests.swift in Sources */,
			);
			runOnlyForDeploymentPostprocessing = 0;
		};
/* End PBXSourcesBuildPhase section */

/* Begin PBXTargetDependency section */
		2A668B182874BCDA0037D7BB /* PBXTargetDependency */ = {
			isa = PBXTargetDependency;
			target = 2A668AFF2874BCD60037D7BB /* FetchRecipes */;
			targetProxy = 2A668B172874BCDA0037D7BB /* PBXContainerItemProxy */;
		};
		2A668B222874BCDA0037D7BB /* PBXTargetDependency */ = {
			isa = PBXTargetDependency;
			target = 2A668AFF2874BCD60037D7BB /* FetchRecipes */;
			targetProxy = 2A668B212874BCDA0037D7BB /* PBXContainerItemProxy */;
		};
/* End PBXTargetDependency section */

/* Begin PBXVariantGroup section */
		2A668B092874BCD60037D7BB /* Main.storyboard */ = {
			isa = PBXVariantGroup;
			children = (
				2A668B0A2874BCD60037D7BB /* Base */,
			);
			name = Main.storyboard;
			sourceTree = "<group>";
		};
		2A668B0E2874BCDA0037D7BB /* LaunchScreen.storyboard */ = {
			isa = PBXVariantGroup;
			children = (
				2A668B0F2874BCDA0037D7BB /* Base */,
			);
			name = LaunchScreen.storyboard;
			sourceTree = "<group>";
		};
/* End PBXVariantGroup section */

/* Begin XCBuildConfiguration section */
		2A668B282874BCDA0037D7BB /* Debug */ = {
			isa = XCBuildConfiguration;
			buildSettings = {
				ALWAYS_SEARCH_USER_PATHS = NO;
				CLANG_ANALYZER_NONNULL = YES;
				CLANG_ANALYZER_NUMBER_OBJECT_CONVERSION = YES_AGGRESSIVE;
				CLANG_CXX_LANGUAGE_STANDARD = "gnu++17";
				CLANG_ENABLE_MODULES = YES;
				CLANG_ENABLE_OBJC_ARC = YES;
				CLANG_ENABLE_OBJC_WEAK = YES;
				CLANG_WARN_BLOCK_CAPTURE_AUTORELEASING = YES;
				CLANG_WARN_BOOL_CONVERSION = YES;
				CLANG_WARN_COMMA = YES;
				CLANG_WARN_CONSTANT_CONVERSION = YES;
				CLANG_WARN_DEPRECATED_OBJC_IMPLEMENTATIONS = YES;
				CLANG_WARN_DIRECT_OBJC_ISA_USAGE = YES_ERROR;
				CLANG_WARN_DOCUMENTATION_COMMENTS = YES;
				CLANG_WARN_EMPTY_BODY = YES;
				CLANG_WARN_ENUM_CONVERSION = YES;
				CLANG_WARN_INFINITE_RECURSION = YES;
				CLANG_WARN_INT_CONVERSION = YES;
				CLANG_WARN_NON_LITERAL_NULL_CONVERSION = YES;
				CLANG_WARN_OBJC_IMPLICIT_RETAIN_SELF = YES;
				CLANG_WARN_OBJC_LITERAL_CONVERSION = YES;
				CLANG_WARN_OBJC_ROOT_CLASS = YES_ERROR;
				CLANG_WARN_QUOTED_INCLUDE_IN_FRAMEWORK_HEADER = YES;
				CLANG_WARN_RANGE_LOOP_ANALYSIS = YES;
				CLANG_WARN_STRICT_PROTOTYPES = YES;
				CLANG_WARN_SUSPICIOUS_MOVE = YES;
				CLANG_WARN_UNGUARDED_AVAILABILITY = YES_AGGRESSIVE;
				CLANG_WARN_UNREACHABLE_CODE = YES;
				CLANG_WARN__DUPLICATE_METHOD_MATCH = YES;
				COPY_PHASE_STRIP = NO;
				DEBUG_INFORMATION_FORMAT = dwarf;
				ENABLE_STRICT_OBJC_MSGSEND = YES;
				ENABLE_TESTABILITY = YES;
				GCC_C_LANGUAGE_STANDARD = gnu11;
				GCC_DYNAMIC_NO_PIC = NO;
				GCC_NO_COMMON_BLOCKS = YES;
				GCC_OPTIMIZATION_LEVEL = 0;
				GCC_PREPROCESSOR_DEFINITIONS = (
					"DEBUG=1",
					"$(inherited)",
				);
				GCC_WARN_64_TO_32_BIT_CONVERSION = YES;
				GCC_WARN_ABOUT_RETURN_TYPE = YES_ERROR;
				GCC_WARN_UNDECLARED_SELECTOR = YES;
				GCC_WARN_UNINITIALIZED_AUTOS = YES_AGGRESSIVE;
				GCC_WARN_UNUSED_FUNCTION = YES;
				GCC_WARN_UNUSED_VARIABLE = YES;
				IPHONEOS_DEPLOYMENT_TARGET = 15.5;
				MTL_ENABLE_DEBUG_INFO = INCLUDE_SOURCE;
				MTL_FAST_MATH = YES;
				ONLY_ACTIVE_ARCH = YES;
				SDKROOT = iphoneos;
				SWIFT_ACTIVE_COMPILATION_CONDITIONS = DEBUG;
				SWIFT_OPTIMIZATION_LEVEL = "-Onone";
			};
			name = Debug;
		};
		2A668B292874BCDA0037D7BB /* Release */ = {
			isa = XCBuildConfiguration;
			buildSettings = {
				ALWAYS_SEARCH_USER_PATHS = NO;
				CLANG_ANALYZER_NONNULL = YES;
				CLANG_ANALYZER_NUMBER_OBJECT_CONVERSION = YES_AGGRESSIVE;
				CLANG_CXX_LANGUAGE_STANDARD = "gnu++17";
				CLANG_ENABLE_MODULES = YES;
				CLANG_ENABLE_OBJC_ARC = YES;
				CLANG_ENABLE_OBJC_WEAK = YES;
				CLANG_WARN_BLOCK_CAPTURE_AUTORELEASING = YES;
				CLANG_WARN_BOOL_CONVERSION = YES;
				CLANG_WARN_COMMA = YES;
				CLANG_WARN_CONSTANT_CONVERSION = YES;
				CLANG_WARN_DEPRECATED_OBJC_IMPLEMENTATIONS = YES;
				CLANG_WARN_DIRECT_OBJC_ISA_USAGE = YES_ERROR;
				CLANG_WARN_DOCUMENTATION_COMMENTS = YES;
				CLANG_WARN_EMPTY_BODY = YES;
				CLANG_WARN_ENUM_CONVERSION = YES;
				CLANG_WARN_INFINITE_RECURSION = YES;
				CLANG_WARN_INT_CONVERSION = YES;
				CLANG_WARN_NON_LITERAL_NULL_CONVERSION = YES;
				CLANG_WARN_OBJC_IMPLICIT_RETAIN_SELF = YES;
				CLANG_WARN_OBJC_LITERAL_CONVERSION = YES;
				CLANG_WARN_OBJC_ROOT_CLASS = YES_ERROR;
				CLANG_WARN_QUOTED_INCLUDE_IN_FRAMEWORK_HEADER = YES;
				CLANG_WARN_RANGE_LOOP_ANALYSIS = YES;
				CLANG_WARN_STRICT_PROTOTYPES = YES;
				CLANG_WARN_SUSPICIOUS_MOVE = YES;
				CLANG_WARN_UNGUARDED_AVAILABILITY = YES_AGGRESSIVE;
				CLANG_WARN_UNREACHABLE_CODE = YES;
				CLANG_WARN__DUPLICATE_METHOD_MATCH = YES;
				COPY_PHASE_STRIP = NO;
				DEBUG_INFORMATION_FORMAT = "dwarf-with-dsym";
				ENABLE_NS_ASSERTIONS = NO;
				ENABLE_STRICT_OBJC_MSGSEND = YES;
				GCC_C_LANGUAGE_STANDARD = gnu11;
				GCC_NO_COMMON_BLOCKS = YES;
				GCC_WARN_64_TO_32_BIT_CONVERSION = YES;
				GCC_WARN_ABOUT_RETURN_TYPE = YES_ERROR;
				GCC_WARN_UNDECLARED_SELECTOR = YES;
				GCC_WARN_UNINITIALIZED_AUTOS = YES_AGGRESSIVE;
				GCC_WARN_UNUSED_FUNCTION = YES;
				GCC_WARN_UNUSED_VARIABLE = YES;
				IPHONEOS_DEPLOYMENT_TARGET = 15.5;
				MTL_ENABLE_DEBUG_INFO = NO;
				MTL_FAST_MATH = YES;
				SDKROOT = iphoneos;
				SWIFT_COMPILATION_MODE = wholemodule;
				SWIFT_OPTIMIZATION_LEVEL = "-O";
				VALIDATE_PRODUCT = YES;
			};
			name = Release;
		};
		2A668B2B2874BCDA0037D7BB /* Debug */ = {
			isa = XCBuildConfiguration;
			buildSettings = {
				ASSETCATALOG_COMPILER_APPICON_NAME = AppIcon;
				ASSETCATALOG_COMPILER_GLOBAL_ACCENT_COLOR_NAME = AccentColor;
				CODE_SIGN_STYLE = Automatic;
				CURRENT_PROJECT_VERSION = 1;
				DEVELOPMENT_TEAM = BCT7A24CX6;
				GENERATE_INFOPLIST_FILE = YES;
				INFOPLIST_FILE = FetchRecipes/Info.plist;
				INFOPLIST_KEY_UIApplicationSupportsIndirectInputEvents = YES;
				INFOPLIST_KEY_UILaunchStoryboardName = LaunchScreen;
				INFOPLIST_KEY_UIMainStoryboardFile = Main;
				INFOPLIST_KEY_UISupportedInterfaceOrientations_iPad = "UIInterfaceOrientationPortrait UIInterfaceOrientationPortraitUpsideDown UIInterfaceOrientationLandscapeLeft UIInterfaceOrientationLandscapeRight";
				INFOPLIST_KEY_UISupportedInterfaceOrientations_iPhone = "UIInterfaceOrientationPortrait UIInterfaceOrientationLandscapeLeft UIInterfaceOrientationLandscapeRight";
				LD_RUNPATH_SEARCH_PATHS = (
					"$(inherited)",
					"@executable_path/Frameworks",
				);
				MARKETING_VERSION = 1.0;
				PRODUCT_BUNDLE_IDENTIFIER = com.onemanbandprod.FetchRecipes;
				PRODUCT_NAME = "$(TARGET_NAME)";
				SWIFT_EMIT_LOC_STRINGS = YES;
				SWIFT_VERSION = 5.0;
				TARGETED_DEVICE_FAMILY = "1,2";
			};
			name = Debug;
		};
		2A668B2C2874BCDA0037D7BB /* Release */ = {
			isa = XCBuildConfiguration;
			buildSettings = {
				ASSETCATALOG_COMPILER_APPICON_NAME = AppIcon;
				ASSETCATALOG_COMPILER_GLOBAL_ACCENT_COLOR_NAME = AccentColor;
				CODE_SIGN_STYLE = Automatic;
				CURRENT_PROJECT_VERSION = 1;
				DEVELOPMENT_TEAM = BCT7A24CX6;
				GENERATE_INFOPLIST_FILE = YES;
				INFOPLIST_FILE = FetchRecipes/Info.plist;
				INFOPLIST_KEY_UIApplicationSupportsIndirectInputEvents = YES;
				INFOPLIST_KEY_UILaunchStoryboardName = LaunchScreen;
				INFOPLIST_KEY_UIMainStoryboardFile = Main;
				INFOPLIST_KEY_UISupportedInterfaceOrientations_iPad = "UIInterfaceOrientationPortrait UIInterfaceOrientationPortraitUpsideDown UIInterfaceOrientationLandscapeLeft UIInterfaceOrientationLandscapeRight";
				INFOPLIST_KEY_UISupportedInterfaceOrientations_iPhone = "UIInterfaceOrientationPortrait UIInterfaceOrientationLandscapeLeft UIInterfaceOrientationLandscapeRight";
				LD_RUNPATH_SEARCH_PATHS = (
					"$(inherited)",
					"@executable_path/Frameworks",
				);
				MARKETING_VERSION = 1.0;
				PRODUCT_BUNDLE_IDENTIFIER = com.onemanbandprod.FetchRecipes;
				PRODUCT_NAME = "$(TARGET_NAME)";
				SWIFT_EMIT_LOC_STRINGS = YES;
				SWIFT_VERSION = 5.0;
				TARGETED_DEVICE_FAMILY = "1,2";
			};
			name = Release;
		};
		2A668B2E2874BCDA0037D7BB /* Debug */ = {
			isa = XCBuildConfiguration;
			buildSettings = {
				ALWAYS_EMBED_SWIFT_STANDARD_LIBRARIES = YES;
				BUNDLE_LOADER = "$(TEST_HOST)";
				CODE_SIGN_STYLE = Automatic;
				CURRENT_PROJECT_VERSION = 1;
				DEVELOPMENT_TEAM = BCT7A24CX6;
				GENERATE_INFOPLIST_FILE = YES;
				IPHONEOS_DEPLOYMENT_TARGET = 15.5;
				MARKETING_VERSION = 1.0;
				PRODUCT_BUNDLE_IDENTIFIER = com.onemanbandprod.FetchRecipesTests;
				PRODUCT_NAME = "$(TARGET_NAME)";
				SWIFT_EMIT_LOC_STRINGS = NO;
				SWIFT_VERSION = 5.0;
				TARGETED_DEVICE_FAMILY = "1,2";
				TEST_HOST = "$(BUILT_PRODUCTS_DIR)/FetchRecipes.app/FetchRecipes";
			};
			name = Debug;
		};
		2A668B2F2874BCDA0037D7BB /* Release */ = {
			isa = XCBuildConfiguration;
			buildSettings = {
				ALWAYS_EMBED_SWIFT_STANDARD_LIBRARIES = YES;
				BUNDLE_LOADER = "$(TEST_HOST)";
				CODE_SIGN_STYLE = Automatic;
				CURRENT_PROJECT_VERSION = 1;
				DEVELOPMENT_TEAM = BCT7A24CX6;
				GENERATE_INFOPLIST_FILE = YES;
				IPHONEOS_DEPLOYMENT_TARGET = 15.5;
				MARKETING_VERSION = 1.0;
				PRODUCT_BUNDLE_IDENTIFIER = com.onemanbandprod.FetchRecipesTests;
				PRODUCT_NAME = "$(TARGET_NAME)";
				SWIFT_EMIT_LOC_STRINGS = NO;
				SWIFT_VERSION = 5.0;
				TARGETED_DEVICE_FAMILY = "1,2";
				TEST_HOST = "$(BUILT_PRODUCTS_DIR)/FetchRecipes.app/FetchRecipes";
			};
			name = Release;
		};
		2A668B312874BCDA0037D7BB /* Debug */ = {
			isa = XCBuildConfiguration;
			buildSettings = {
				ALWAYS_EMBED_SWIFT_STANDARD_LIBRARIES = YES;
				CODE_SIGN_STYLE = Automatic;
				CURRENT_PROJECT_VERSION = 1;
				DEVELOPMENT_TEAM = BCT7A24CX6;
				GENERATE_INFOPLIST_FILE = YES;
				MARKETING_VERSION = 1.0;
				PRODUCT_BUNDLE_IDENTIFIER = com.onemanbandprod.FetchRecipesUITests;
				PRODUCT_NAME = "$(TARGET_NAME)";
				SWIFT_EMIT_LOC_STRINGS = NO;
				SWIFT_VERSION = 5.0;
				TARGETED_DEVICE_FAMILY = "1,2";
				TEST_TARGET_NAME = FetchRecipes;
			};
			name = Debug;
		};
		2A668B322874BCDA0037D7BB /* Release */ = {
			isa = XCBuildConfiguration;
			buildSettings = {
				ALWAYS_EMBED_SWIFT_STANDARD_LIBRARIES = YES;
				CODE_SIGN_STYLE = Automatic;
				CURRENT_PROJECT_VERSION = 1;
				DEVELOPMENT_TEAM = BCT7A24CX6;
				GENERATE_INFOPLIST_FILE = YES;
				MARKETING_VERSION = 1.0;
				PRODUCT_BUNDLE_IDENTIFIER = com.onemanbandprod.FetchRecipesUITests;
				PRODUCT_NAME = "$(TARGET_NAME)";
				SWIFT_EMIT_LOC_STRINGS = NO;
				SWIFT_VERSION = 5.0;
				TARGETED_DEVICE_FAMILY = "1,2";
				TEST_TARGET_NAME = FetchRecipes;
			};
			name = Release;
		};
/* End XCBuildConfiguration section */

/* Begin XCConfigurationList section */
		2A668AFB2874BCD60037D7BB /* Build configuration list for PBXProject "FetchRecipes" */ = {
			isa = XCConfigurationList;
			buildConfigurations = (
				2A668B282874BCDA0037D7BB /* Debug */,
				2A668B292874BCDA0037D7BB /* Release */,
			);
			defaultConfigurationIsVisible = 0;
			defaultConfigurationName = Release;
		};
		2A668B2A2874BCDA0037D7BB /* Build configuration list for PBXNativeTarget "FetchRecipes" */ = {
			isa = XCConfigurationList;
			buildConfigurations = (
				2A668B2B2874BCDA0037D7BB /* Debug */,
				2A668B2C2874BCDA0037D7BB /* Release */,
			);
			defaultConfigurationIsVisible = 0;
			defaultConfigurationName = Release;
		};
		2A668B2D2874BCDA0037D7BB /* Build configuration list for PBXNativeTarget "FetchRecipesTests" */ = {
			isa = XCConfigurationList;
			buildConfigurations = (
				2A668B2E2874BCDA0037D7BB /* Debug */,
				2A668B2F2874BCDA0037D7BB /* Release */,
			);
			defaultConfigurationIsVisible = 0;
			defaultConfigurationName = Release;
		};
		2A668B302874BCDA0037D7BB /* Build configuration list for PBXNativeTarget "FetchRecipesUITests" */ = {
			isa = XCConfigurationList;
			buildConfigurations = (
				2A668B312874BCDA0037D7BB /* Debug */,
				2A668B322874BCDA0037D7BB /* Release */,
			);
			defaultConfigurationIsVisible = 0;
			defaultConfigurationName = Release;
		};
/* End XCConfigurationList section */
	};
	rootObject = 2A668AF82874BCD60037D7BB /* Project object */;
}
